// !$*UTF8*$!
{
	archiveVersion = 1;
	classes = {
	};
	objectVersion = 55;
	objects = {

/* Begin PBXBuildFile section */
		52CB969A26D985AA002EE31B /* HTTPRequestError.swift in Sources */ = {isa = PBXBuildFile; fileRef = 52CB969926D985AA002EE31B /* HTTPRequestError.swift */; };
		52CB969E26D9969E002EE31B /* SearchParametersView.swift in Sources */ = {isa = PBXBuildFile; fileRef = 52CB969D26D9969E002EE31B /* SearchParametersView.swift */; };
		52CB96A226DAE03B002EE31B /* UserRowView.swift in Sources */ = {isa = PBXBuildFile; fileRef = 52CB96A126DAE03B002EE31B /* UserRowView.swift */; };
		52CB96A526DBE1ED002EE31B /* Query.swift in Sources */ = {isa = PBXBuildFile; fileRef = 52CB96A426DBE1ED002EE31B /* Query.swift */; };
		52DF4DCB26DD1B6E00E93E14 /* SearchParametersState.swift in Sources */ = {isa = PBXBuildFile; fileRef = 52DF4DCA26DD1B6E00E93E14 /* SearchParametersState.swift */; };
		52DF4DD126DD543000E93E14 /* EmptyListView.swift in Sources */ = {isa = PBXBuildFile; fileRef = 52DF4DD026DD543000E93E14 /* EmptyListView.swift */; };
		52DF4DD326DD595C00E93E14 /* UserListView.swift in Sources */ = {isa = PBXBuildFile; fileRef = 52DF4DD226DD595C00E93E14 /* UserListView.swift */; };
		52DF4DEC26DD74C500E93E14 /* GitHubUsersUITests.swift in Sources */ = {isa = PBXBuildFile; fileRef = 52DF4DEB26DD74C500E93E14 /* GitHubUsersUITests.swift */; };
		52DF4DEE26DD74C500E93E14 /* GitHubUsersUITestsLaunchTests.swift in Sources */ = {isa = PBXBuildFile; fileRef = 52DF4DED26DD74C500E93E14 /* GitHubUsersUITestsLaunchTests.swift */; };
		52DF4DF526DD79AC00E93E14 /* README.md in Resources */ = {isa = PBXBuildFile; fileRef = 52DF4DF426DD79AC00E93E14 /* README.md */; };
		52DF4DF826DD7A0700E93E14 /* QueryTests.swift in Sources */ = {isa = PBXBuildFile; fileRef = 52DF4DF726DD7A0700E93E14 /* QueryTests.swift */; };
		52FA0C9026D9364C00285CE7 /* GitHubUsersApp.swift in Sources */ = {isa = PBXBuildFile; fileRef = 52FA0C8F26D9364C00285CE7 /* GitHubUsersApp.swift */; };
		52FA0C9226D9364C00285CE7 /* ContentView.swift in Sources */ = {isa = PBXBuildFile; fileRef = 52FA0C9126D9364C00285CE7 /* ContentView.swift */; };
		52FA0C9426D9364C00285CE7 /* Assets.xcassets in Resources */ = {isa = PBXBuildFile; fileRef = 52FA0C9326D9364C00285CE7 /* Assets.xcassets */; };
		52FA0C9726D9364C00285CE7 /* Preview Assets.xcassets in Resources */ = {isa = PBXBuildFile; fileRef = 52FA0C9626D9364C00285CE7 /* Preview Assets.xcassets */; };
		52FA0C9E26D937CA00285CE7 /* User.swift in Sources */ = {isa = PBXBuildFile; fileRef = 52FA0C9D26D937CA00285CE7 /* User.swift */; };
		52FA0CA026D93AE000285CE7 /* Response.swift in Sources */ = {isa = PBXBuildFile; fileRef = 52FA0C9F26D93AE000285CE7 /* Response.swift */; };
		52FA0CA326D94CFB00285CE7 /* SearchService.swift in Sources */ = {isa = PBXBuildFile; fileRef = 52FA0CA226D94CFB00285CE7 /* SearchService.swift */; };
		52FA0CA526D94D0200285CE7 /* SearchServiceStore.swift in Sources */ = {isa = PBXBuildFile; fileRef = 52FA0CA426D94D0200285CE7 /* SearchServiceStore.swift */; };
		52FA0CA826D94EC700285CE7 /* URLComponentsUtilities.swift in Sources */ = {isa = PBXBuildFile; fileRef = 52FA0CA726D94EC700285CE7 /* URLComponentsUtilities.swift */; };
/* End PBXBuildFile section */

/* Begin PBXContainerItemProxy section */
		52DF4DE026DD74B800E93E14 /* PBXContainerItemProxy */ = {
			isa = PBXContainerItemProxy;
			containerPortal = 52FA0C8426D9364C00285CE7 /* Project object */;
			proxyType = 1;
			remoteGlobalIDString = 52FA0C8B26D9364C00285CE7;
			remoteInfo = GitHubUsers;
		};
		52DF4DEF26DD74C500E93E14 /* PBXContainerItemProxy */ = {
			isa = PBXContainerItemProxy;
			containerPortal = 52FA0C8426D9364C00285CE7 /* Project object */;
			proxyType = 1;
			remoteGlobalIDString = 52FA0C8B26D9364C00285CE7;
			remoteInfo = GitHubUsers;
		};
/* End PBXContainerItemProxy section */

/* Begin PBXFileReference section */
		52CB969926D985AA002EE31B /* HTTPRequestError.swift */ = {isa = PBXFileReference; lastKnownFileType = sourcecode.swift; path = HTTPRequestError.swift; sourceTree = "<group>"; };
		52CB969D26D9969E002EE31B /* SearchParametersView.swift */ = {isa = PBXFileReference; lastKnownFileType = sourcecode.swift; path = SearchParametersView.swift; sourceTree = "<group>"; };
		52CB96A126DAE03B002EE31B /* UserRowView.swift */ = {isa = PBXFileReference; lastKnownFileType = sourcecode.swift; path = UserRowView.swift; sourceTree = "<group>"; };
		52CB96A426DBE1ED002EE31B /* Query.swift */ = {isa = PBXFileReference; lastKnownFileType = sourcecode.swift; path = Query.swift; sourceTree = "<group>"; };
		52DF4DCA26DD1B6E00E93E14 /* SearchParametersState.swift */ = {isa = PBXFileReference; lastKnownFileType = sourcecode.swift; path = SearchParametersState.swift; sourceTree = "<group>"; };
		52DF4DD026DD543000E93E14 /* EmptyListView.swift */ = {isa = PBXFileReference; lastKnownFileType = sourcecode.swift; path = EmptyListView.swift; sourceTree = "<group>"; };
		52DF4DD226DD595C00E93E14 /* UserListView.swift */ = {isa = PBXFileReference; lastKnownFileType = sourcecode.swift; path = UserListView.swift; sourceTree = "<group>"; };
		52DF4DDC26DD74B800E93E14 /* GitHubUsersTests.xctest */ = {isa = PBXFileReference; explicitFileType = wrapper.cfbundle; includeInIndex = 0; path = GitHubUsersTests.xctest; sourceTree = BUILT_PRODUCTS_DIR; };
		52DF4DE926DD74C500E93E14 /* GitHubUsersUITests.xctest */ = {isa = PBXFileReference; explicitFileType = wrapper.cfbundle; includeInIndex = 0; path = GitHubUsersUITests.xctest; sourceTree = BUILT_PRODUCTS_DIR; };
		52DF4DEB26DD74C500E93E14 /* GitHubUsersUITests.swift */ = {isa = PBXFileReference; lastKnownFileType = sourcecode.swift; path = GitHubUsersUITests.swift; sourceTree = "<group>"; };
		52DF4DED26DD74C500E93E14 /* GitHubUsersUITestsLaunchTests.swift */ = {isa = PBXFileReference; lastKnownFileType = sourcecode.swift; path = GitHubUsersUITestsLaunchTests.swift; sourceTree = "<group>"; };
		52DF4DF426DD79AC00E93E14 /* README.md */ = {isa = PBXFileReference; fileEncoding = 4; lastKnownFileType = net.daringfireball.markdown; path = README.md; sourceTree = SOURCE_ROOT; };
		52DF4DF726DD7A0700E93E14 /* QueryTests.swift */ = {isa = PBXFileReference; lastKnownFileType = sourcecode.swift; path = QueryTests.swift; sourceTree = "<group>"; };
		52FA0C8C26D9364C00285CE7 /* GitHubUsers.app */ = {isa = PBXFileReference; explicitFileType = wrapper.application; includeInIndex = 0; path = GitHubUsers.app; sourceTree = BUILT_PRODUCTS_DIR; };
		52FA0C8F26D9364C00285CE7 /* GitHubUsersApp.swift */ = {isa = PBXFileReference; lastKnownFileType = sourcecode.swift; path = GitHubUsersApp.swift; sourceTree = "<group>"; };
		52FA0C9126D9364C00285CE7 /* ContentView.swift */ = {isa = PBXFileReference; lastKnownFileType = sourcecode.swift; path = ContentView.swift; sourceTree = "<group>"; };
		52FA0C9326D9364C00285CE7 /* Assets.xcassets */ = {isa = PBXFileReference; lastKnownFileType = folder.assetcatalog; path = Assets.xcassets; sourceTree = "<group>"; };
		52FA0C9626D9364C00285CE7 /* Preview Assets.xcassets */ = {isa = PBXFileReference; lastKnownFileType = folder.assetcatalog; path = "Preview Assets.xcassets"; sourceTree = "<group>"; };
		52FA0C9D26D937CA00285CE7 /* User.swift */ = {isa = PBXFileReference; lastKnownFileType = sourcecode.swift; path = User.swift; sourceTree = "<group>"; };
		52FA0C9F26D93AE000285CE7 /* Response.swift */ = {isa = PBXFileReference; lastKnownFileType = sourcecode.swift; path = Response.swift; sourceTree = "<group>"; };
		52FA0CA226D94CFB00285CE7 /* SearchService.swift */ = {isa = PBXFileReference; lastKnownFileType = sourcecode.swift; path = SearchService.swift; sourceTree = "<group>"; };
		52FA0CA426D94D0200285CE7 /* SearchServiceStore.swift */ = {isa = PBXFileReference; lastKnownFileType = sourcecode.swift; path = SearchServiceStore.swift; sourceTree = "<group>"; };
		52FA0CA726D94EC700285CE7 /* URLComponentsUtilities.swift */ = {isa = PBXFileReference; lastKnownFileType = sourcecode.swift; path = URLComponentsUtilities.swift; sourceTree = "<group>"; };
/* End PBXFileReference section */

/* Begin PBXFrameworksBuildPhase section */
		52DF4DD926DD74B800E93E14 /* Frameworks */ = {
			isa = PBXFrameworksBuildPhase;
			buildActionMask = 2147483647;
			files = (
			);
			runOnlyForDeploymentPostprocessing = 0;
		};
		52DF4DE626DD74C500E93E14 /* Frameworks */ = {
			isa = PBXFrameworksBuildPhase;
			buildActionMask = 2147483647;
			files = (
			);
			runOnlyForDeploymentPostprocessing = 0;
		};
		52FA0C8926D9364C00285CE7 /* Frameworks */ = {
			isa = PBXFrameworksBuildPhase;
			buildActionMask = 2147483647;
			files = (
			);
			runOnlyForDeploymentPostprocessing = 0;
		};
/* End PBXFrameworksBuildPhase section */

/* Begin PBXGroup section */
		52CB96A326DBDE51002EE31B /* Views */ = {
			isa = PBXGroup;
			children = (
				52FA0C9126D9364C00285CE7 /* ContentView.swift */,
				52DF4DD226DD595C00E93E14 /* UserListView.swift */,
				52CB96A126DAE03B002EE31B /* UserRowView.swift */,
				52CB969D26D9969E002EE31B /* SearchParametersView.swift */,
				52DF4DD026DD543000E93E14 /* EmptyListView.swift */,
			);
			path = Views;
			sourceTree = "<group>";
		};
		52DF4DC926DD1B5A00E93E14 /* State */ = {
			isa = PBXGroup;
			children = (
				52CB969926D985AA002EE31B /* HTTPRequestError.swift */,
				52DF4DCA26DD1B6E00E93E14 /* SearchParametersState.swift */,
			);
			path = State;
			sourceTree = "<group>";
		};
		52DF4DDD26DD74B800E93E14 /* GitHubUsersTests */ = {
			isa = PBXGroup;
			children = (
				52DF4DF726DD7A0700E93E14 /* QueryTests.swift */,
			);
			path = GitHubUsersTests;
			sourceTree = "<group>";
		};
		52DF4DEA26DD74C500E93E14 /* GitHubUsersUITests */ = {
			isa = PBXGroup;
			children = (
				52DF4DEB26DD74C500E93E14 /* GitHubUsersUITests.swift */,
				52DF4DED26DD74C500E93E14 /* GitHubUsersUITestsLaunchTests.swift */,
			);
			path = GitHubUsersUITests;
			sourceTree = "<group>";
		};
		52FA0C8326D9364C00285CE7 = {
			isa = PBXGroup;
			children = (
				52DF4DF426DD79AC00E93E14 /* README.md */,
				52FA0C8E26D9364C00285CE7 /* GitHubUsers */,
				52DF4DDD26DD74B800E93E14 /* GitHubUsersTests */,
				52DF4DEA26DD74C500E93E14 /* GitHubUsersUITests */,
				52FA0C8D26D9364C00285CE7 /* Products */,
			);
			sourceTree = "<group>";
		};
		52FA0C8D26D9364C00285CE7 /* Products */ = {
			isa = PBXGroup;
			children = (
				52FA0C8C26D9364C00285CE7 /* GitHubUsers.app */,
				52DF4DDC26DD74B800E93E14 /* GitHubUsersTests.xctest */,
				52DF4DE926DD74C500E93E14 /* GitHubUsersUITests.xctest */,
			);
			name = Products;
			sourceTree = "<group>";
		};
		52FA0C8E26D9364C00285CE7 /* GitHubUsers */ = {
			isa = PBXGroup;
			children = (
				52FA0C8F26D9364C00285CE7 /* GitHubUsersApp.swift */,
				52FA0CA126D93B3600285CE7 /* Models */,
				52DF4DC926DD1B5A00E93E14 /* State */,
				52CB96A326DBDE51002EE31B /* Views */,
				52FA0CA626D94EA400285CE7 /* Utilities */,
				52FA0C9326D9364C00285CE7 /* Assets.xcassets */,
				52FA0C9526D9364C00285CE7 /* Preview Content */,
			);
			path = GitHubUsers;
			sourceTree = "<group>";
		};
		52FA0C9526D9364C00285CE7 /* Preview Content */ = {
			isa = PBXGroup;
			children = (
				52FA0C9626D9364C00285CE7 /* Preview Assets.xcassets */,
			);
			path = "Preview Content";
			sourceTree = "<group>";
		};
		52FA0CA126D93B3600285CE7 /* Models */ = {
			isa = PBXGroup;
			children = (
				52FA0C9D26D937CA00285CE7 /* User.swift */,
				52FA0CA226D94CFB00285CE7 /* SearchService.swift */,
				52CB96A426DBE1ED002EE31B /* Query.swift */,
				52FA0CA426D94D0200285CE7 /* SearchServiceStore.swift */,
				52FA0C9F26D93AE000285CE7 /* Response.swift */,
			);
			path = Models;
			sourceTree = "<group>";
		};
		52FA0CA626D94EA400285CE7 /* Utilities */ = {
			isa = PBXGroup;
			children = (
				52FA0CA726D94EC700285CE7 /* URLComponentsUtilities.swift */,
			);
			path = Utilities;
			sourceTree = "<group>";
		};
/* End PBXGroup section */

/* Begin PBXNativeTarget section */
		52DF4DDB26DD74B800E93E14 /* GitHubUsersTests */ = {
			isa = PBXNativeTarget;
			buildConfigurationList = 52DF4DE226DD74B800E93E14 /* Build configuration list for PBXNativeTarget "GitHubUsersTests" */;
			buildPhases = (
				52DF4DD826DD74B800E93E14 /* Sources */,
				52DF4DD926DD74B800E93E14 /* Frameworks */,
				52DF4DDA26DD74B800E93E14 /* Resources */,
			);
			buildRules = (
			);
			dependencies = (
				52DF4DE126DD74B800E93E14 /* PBXTargetDependency */,
			);
			name = GitHubUsersTests;
			productName = GitHubUsersTests;
			productReference = 52DF4DDC26DD74B800E93E14 /* GitHubUsersTests.xctest */;
			productType = "com.apple.product-type.bundle.unit-test";
		};
		52DF4DE826DD74C500E93E14 /* GitHubUsersUITests */ = {
			isa = PBXNativeTarget;
			buildConfigurationList = 52DF4DF126DD74C500E93E14 /* Build configuration list for PBXNativeTarget "GitHubUsersUITests" */;
			buildPhases = (
				52DF4DE526DD74C500E93E14 /* Sources */,
				52DF4DE626DD74C500E93E14 /* Frameworks */,
				52DF4DE726DD74C500E93E14 /* Resources */,
			);
			buildRules = (
			);
			dependencies = (
				52DF4DF026DD74C500E93E14 /* PBXTargetDependency */,
			);
			name = GitHubUsersUITests;
			productName = GitHubUsersUITests;
			productReference = 52DF4DE926DD74C500E93E14 /* GitHubUsersUITests.xctest */;
			productType = "com.apple.product-type.bundle.ui-testing";
		};
		52FA0C8B26D9364C00285CE7 /* GitHubUsers */ = {
			isa = PBXNativeTarget;
			buildConfigurationList = 52FA0C9A26D9364C00285CE7 /* Build configuration list for PBXNativeTarget "GitHubUsers" */;
			buildPhases = (
				52FA0C8826D9364C00285CE7 /* Sources */,
				52FA0C8926D9364C00285CE7 /* Frameworks */,
				52FA0C8A26D9364C00285CE7 /* Resources */,
			);
			buildRules = (
			);
			dependencies = (
			);
			name = GitHubUsers;
			productName = GitHubUsers;
			productReference = 52FA0C8C26D9364C00285CE7 /* GitHubUsers.app */;
			productType = "com.apple.product-type.application";
		};
/* End PBXNativeTarget section */

/* Begin PBXProject section */
		52FA0C8426D9364C00285CE7 /* Project object */ = {
			isa = PBXProject;
			attributes = {
				BuildIndependentTargetsInParallel = 1;
				LastSwiftUpdateCheck = 1300;
				LastUpgradeCheck = 1300;
				TargetAttributes = {
					52DF4DDB26DD74B800E93E14 = {
						CreatedOnToolsVersion = 13.0;
						LastSwiftMigration = 1300;
						TestTargetID = 52FA0C8B26D9364C00285CE7;
					};
					52DF4DE826DD74C500E93E14 = {
						CreatedOnToolsVersion = 13.0;
						TestTargetID = 52FA0C8B26D9364C00285CE7;
					};
					52FA0C8B26D9364C00285CE7 = {
						CreatedOnToolsVersion = 13.0;
					};
				};
			};
			buildConfigurationList = 52FA0C8726D9364C00285CE7 /* Build configuration list for PBXProject "GitHubUsers" */;
			compatibilityVersion = "Xcode 13.0";
			developmentRegion = en;
			hasScannedForEncodings = 0;
			knownRegions = (
				en,
				Base,
			);
			mainGroup = 52FA0C8326D9364C00285CE7;
			productRefGroup = 52FA0C8D26D9364C00285CE7 /* Products */;
			projectDirPath = "";
			projectRoot = "";
			targets = (
				52FA0C8B26D9364C00285CE7 /* GitHubUsers */,
				52DF4DDB26DD74B800E93E14 /* GitHubUsersTests */,
				52DF4DE826DD74C500E93E14 /* GitHubUsersUITests */,
			);
		};
/* End PBXProject section */

/* Begin PBXResourcesBuildPhase section */
		52DF4DDA26DD74B800E93E14 /* Resources */ = {
			isa = PBXResourcesBuildPhase;
			buildActionMask = 2147483647;
			files = (
			);
			runOnlyForDeploymentPostprocessing = 0;
		};
		52DF4DE726DD74C500E93E14 /* Resources */ = {
			isa = PBXResourcesBuildPhase;
			buildActionMask = 2147483647;
			files = (
			);
			runOnlyForDeploymentPostprocessing = 0;
		};
		52FA0C8A26D9364C00285CE7 /* Resources */ = {
			isa = PBXResourcesBuildPhase;
			buildActionMask = 2147483647;
			files = (
				52DF4DF526DD79AC00E93E14 /* README.md in Resources */,
				52FA0C9726D9364C00285CE7 /* Preview Assets.xcassets in Resources */,
				52FA0C9426D9364C00285CE7 /* Assets.xcassets in Resources */,
			);
			runOnlyForDeploymentPostprocessing = 0;
		};
/* End PBXResourcesBuildPhase section */

/* Begin PBXSourcesBuildPhase section */
		52DF4DD826DD74B800E93E14 /* Sources */ = {
			isa = PBXSourcesBuildPhase;
			buildActionMask = 2147483647;
			files = (
				52DF4DF826DD7A0700E93E14 /* QueryTests.swift in Sources */,
			);
			runOnlyForDeploymentPostprocessing = 0;
		};
		52DF4DE526DD74C500E93E14 /* Sources */ = {
			isa = PBXSourcesBuildPhase;
			buildActionMask = 2147483647;
			files = (
				52DF4DEE26DD74C500E93E14 /* GitHubUsersUITestsLaunchTests.swift in Sources */,
				52DF4DEC26DD74C500E93E14 /* GitHubUsersUITests.swift in Sources */,
			);
			runOnlyForDeploymentPostprocessing = 0;
		};
		52FA0C8826D9364C00285CE7 /* Sources */ = {
			isa = PBXSourcesBuildPhase;
			buildActionMask = 2147483647;
			files = (
				52FA0CA026D93AE000285CE7 /* Response.swift in Sources */,
				52DF4DD326DD595C00E93E14 /* UserListView.swift in Sources */,
				52FA0CA826D94EC700285CE7 /* URLComponentsUtilities.swift in Sources */,
				52DF4DD126DD543000E93E14 /* EmptyListView.swift in Sources */,
				52FA0CA326D94CFB00285CE7 /* SearchService.swift in Sources */,
				52FA0C9226D9364C00285CE7 /* ContentView.swift in Sources */,
				52CB969A26D985AA002EE31B /* HTTPRequestError.swift in Sources */,
				52CB96A526DBE1ED002EE31B /* Query.swift in Sources */,
				52CB969E26D9969E002EE31B /* SearchParametersView.swift in Sources */,
				52DF4DCB26DD1B6E00E93E14 /* SearchParametersState.swift in Sources */,
				52CB96A226DAE03B002EE31B /* UserRowView.swift in Sources */,
				52FA0C9026D9364C00285CE7 /* GitHubUsersApp.swift in Sources */,
				52FA0CA526D94D0200285CE7 /* SearchServiceStore.swift in Sources */,
				52FA0C9E26D937CA00285CE7 /* User.swift in Sources */,
			);
			runOnlyForDeploymentPostprocessing = 0;
		};
/* End PBXSourcesBuildPhase section */

/* Begin PBXTargetDependency section */
		52DF4DE126DD74B800E93E14 /* PBXTargetDependency */ = {
			isa = PBXTargetDependency;
			target = 52FA0C8B26D9364C00285CE7 /* GitHubUsers */;
			targetProxy = 52DF4DE026DD74B800E93E14 /* PBXContainerItemProxy */;
		};
		52DF4DF026DD74C500E93E14 /* PBXTargetDependency */ = {
			isa = PBXTargetDependency;
			target = 52FA0C8B26D9364C00285CE7 /* GitHubUsers */;
			targetProxy = 52DF4DEF26DD74C500E93E14 /* PBXContainerItemProxy */;
		};
/* End PBXTargetDependency section */

/* Begin XCBuildConfiguration section */
		52DF4DE326DD74B800E93E14 /* Debug */ = {
			isa = XCBuildConfiguration;
			buildSettings = {
				BUNDLE_LOADER = "$(TEST_HOST)";
				CLANG_ENABLE_MODULES = YES;
				CODE_SIGN_STYLE = Automatic;
				CURRENT_PROJECT_VERSION = 1;
				GENERATE_INFOPLIST_FILE = YES;
				LD_RUNPATH_SEARCH_PATHS = (
					"$(inherited)",
					"@executable_path/Frameworks",
					"@loader_path/Frameworks",
				);
				MARKETING_VERSION = 1.0;
				PRODUCT_BUNDLE_IDENTIFIER = MansurAhmed.GitHubUsersTests;
				PRODUCT_NAME = "$(TARGET_NAME)";
				SWIFT_EMIT_LOC_STRINGS = NO;
				SWIFT_OPTIMIZATION_LEVEL = "-Onone";
				SWIFT_VERSION = 5.0;
				TARGETED_DEVICE_FAMILY = "1,2";
				TEST_HOST = "$(BUILT_PRODUCTS_DIR)/GitHubUsers.app/GitHubUsers";
			};
			name = Debug;
		};
		52DF4DE426DD74B800E93E14 /* Release */ = {
			isa = XCBuildConfiguration;
			buildSettings = {
				BUNDLE_LOADER = "$(TEST_HOST)";
				CLANG_ENABLE_MODULES = YES;
				CODE_SIGN_STYLE = Automatic;
				CURRENT_PROJECT_VERSION = 1;
				GENERATE_INFOPLIST_FILE = YES;
				LD_RUNPATH_SEARCH_PATHS = (
					"$(inherited)",
					"@executable_path/Frameworks",
					"@loader_path/Frameworks",
				);
				MARKETING_VERSION = 1.0;
				PRODUCT_BUNDLE_IDENTIFIER = MansurAhmed.GitHubUsersTests;
				PRODUCT_NAME = "$(TARGET_NAME)";
				SWIFT_EMIT_LOC_STRINGS = NO;
				SWIFT_VERSION = 5.0;
				TARGETED_DEVICE_FAMILY = "1,2";
				TEST_HOST = "$(BUILT_PRODUCTS_DIR)/GitHubUsers.app/GitHubUsers";
			};
			name = Release;
		};
		52DF4DF226DD74C500E93E14 /* Debug */ = {
			isa = XCBuildConfiguration;
			buildSettings = {
				CODE_SIGN_STYLE = Automatic;
				CURRENT_PROJECT_VERSION = 1;
				GENERATE_INFOPLIST_FILE = YES;
				LD_RUNPATH_SEARCH_PATHS = (
					"$(inherited)",
					"@executable_path/Frameworks",
					"@loader_path/Frameworks",
				);
				MARKETING_VERSION = 1.0;
				PRODUCT_BUNDLE_IDENTIFIER = MansurAhmed.GitHubUsersUITests;
				PRODUCT_NAME = "$(TARGET_NAME)";
				SWIFT_EMIT_LOC_STRINGS = NO;
				SWIFT_VERSION = 5.0;
				TARGETED_DEVICE_FAMILY = "1,2";
				TEST_TARGET_NAME = GitHubUsers;
			};
			name = Debug;
		};
		52DF4DF326DD74C500E93E14 /* Release */ = {
			isa = XCBuildConfiguration;
			buildSettings = {
				CODE_SIGN_STYLE = Automatic;
				CURRENT_PROJECT_VERSION = 1;
				GENERATE_INFOPLIST_FILE = YES;
				LD_RUNPATH_SEARCH_PATHS = (
					"$(inherited)",
					"@executable_path/Frameworks",
					"@loader_path/Frameworks",
				);
				MARKETING_VERSION = 1.0;
				PRODUCT_BUNDLE_IDENTIFIER = MansurAhmed.GitHubUsersUITests;
				PRODUCT_NAME = "$(TARGET_NAME)";
				SWIFT_EMIT_LOC_STRINGS = NO;
				SWIFT_VERSION = 5.0;
				TARGETED_DEVICE_FAMILY = "1,2";
				TEST_TARGET_NAME = GitHubUsers;
			};
			name = Release;
		};
		52FA0C9826D9364C00285CE7 /* Debug */ = {
			isa = XCBuildConfiguration;
			buildSettings = {
				ALWAYS_SEARCH_USER_PATHS = NO;
				CLANG_ANALYZER_NONNULL = YES;
				CLANG_ANALYZER_NUMBER_OBJECT_CONVERSION = YES_AGGRESSIVE;
				CLANG_CXX_LANGUAGE_STANDARD = "gnu++17";
				CLANG_CXX_LIBRARY = "libc++";
				CLANG_ENABLE_MODULES = YES;
				CLANG_ENABLE_OBJC_ARC = YES;
				CLANG_ENABLE_OBJC_WEAK = YES;
				CLANG_WARN_BLOCK_CAPTURE_AUTORELEASING = YES;
				CLANG_WARN_BOOL_CONVERSION = YES;
				CLANG_WARN_COMMA = YES;
				CLANG_WARN_CONSTANT_CONVERSION = YES;
				CLANG_WARN_DEPRECATED_OBJC_IMPLEMENTATIONS = YES;
				CLANG_WARN_DIRECT_OBJC_ISA_USAGE = YES_ERROR;
				CLANG_WARN_DOCUMENTATION_COMMENTS = YES;
				CLANG_WARN_EMPTY_BODY = YES;
				CLANG_WARN_ENUM_CONVERSION = YES;
				CLANG_WARN_INFINITE_RECURSION = YES;
				CLANG_WARN_INT_CONVERSION = YES;
				CLANG_WARN_NON_LITERAL_NULL_CONVERSION = YES;
				CLANG_WARN_OBJC_IMPLICIT_RETAIN_SELF = YES;
				CLANG_WARN_OBJC_LITERAL_CONVERSION = YES;
				CLANG_WARN_OBJC_ROOT_CLASS = YES_ERROR;
				CLANG_WARN_QUOTED_INCLUDE_IN_FRAMEWORK_HEADER = YES;
				CLANG_WARN_RANGE_LOOP_ANALYSIS = YES;
				CLANG_WARN_STRICT_PROTOTYPES = YES;
				CLANG_WARN_SUSPICIOUS_MOVE = YES;
				CLANG_WARN_UNGUARDED_AVAILABILITY = YES_AGGRESSIVE;
				CLANG_WARN_UNREACHABLE_CODE = YES;
				CLANG_WARN__DUPLICATE_METHOD_MATCH = YES;
				COPY_PHASE_STRIP = NO;
				DEBUG_INFORMATION_FORMAT = dwarf;
				ENABLE_STRICT_OBJC_MSGSEND = YES;
				ENABLE_TESTABILITY = YES;
				GCC_C_LANGUAGE_STANDARD = gnu11;
				GCC_DYNAMIC_NO_PIC = NO;
				GCC_NO_COMMON_BLOCKS = YES;
				GCC_OPTIMIZATION_LEVEL = 0;
				GCC_PREPROCESSOR_DEFINITIONS = (
					"DEBUG=1",
					"$(inherited)",
				);
				GCC_WARN_64_TO_32_BIT_CONVERSION = YES;
				GCC_WARN_ABOUT_RETURN_TYPE = YES_ERROR;
				GCC_WARN_UNDECLARED_SELECTOR = YES;
				GCC_WARN_UNINITIALIZED_AUTOS = YES_AGGRESSIVE;
				GCC_WARN_UNUSED_FUNCTION = YES;
				GCC_WARN_UNUSED_VARIABLE = YES;
				IPHONEOS_DEPLOYMENT_TARGET = 15.0;
				MTL_ENABLE_DEBUG_INFO = INCLUDE_SOURCE;
				MTL_FAST_MATH = YES;
				ONLY_ACTIVE_ARCH = YES;
				SDKROOT = iphoneos;
				SWIFT_ACTIVE_COMPILATION_CONDITIONS = DEBUG;
				SWIFT_OPTIMIZATION_LEVEL = "-Onone";
			};
			name = Debug;
		};
		52FA0C9926D9364C00285CE7 /* Release */ = {
			isa = XCBuildConfiguration;
			buildSettings = {
				ALWAYS_SEARCH_USER_PATHS = NO;
				CLANG_ANALYZER_NONNULL = YES;
				CLANG_ANALYZER_NUMBER_OBJECT_CONVERSION = YES_AGGRESSIVE;
				CLANG_CXX_LANGUAGE_STANDARD = "gnu++17";
				CLANG_CXX_LIBRARY = "libc++";
				CLANG_ENABLE_MODULES = YES;
				CLANG_ENABLE_OBJC_ARC = YES;
				CLANG_ENABLE_OBJC_WEAK = YES;
				CLANG_WARN_BLOCK_CAPTURE_AUTORELEASING = YES;
				CLANG_WARN_BOOL_CONVERSION = YES;
				CLANG_WARN_COMMA = YES;
				CLANG_WARN_CONSTANT_CONVERSION = YES;
				CLANG_WARN_DEPRECATED_OBJC_IMPLEMENTATIONS = YES;
				CLANG_WARN_DIRECT_OBJC_ISA_USAGE = YES_ERROR;
				CLANG_WARN_DOCUMENTATION_COMMENTS = YES;
				CLANG_WARN_EMPTY_BODY = YES;
				CLANG_WARN_ENUM_CONVERSION = YES;
				CLANG_WARN_INFINITE_RECURSION = YES;
				CLANG_WARN_INT_CONVERSION = YES;
				CLANG_WARN_NON_LITERAL_NULL_CONVERSION = YES;
				CLANG_WARN_OBJC_IMPLICIT_RETAIN_SELF = YES;
				CLANG_WARN_OBJC_LITERAL_CONVERSION = YES;
				CLANG_WARN_OBJC_ROOT_CLASS = YES_ERROR;
				CLANG_WARN_QUOTED_INCLUDE_IN_FRAMEWORK_HEADER = YES;
				CLANG_WARN_RANGE_LOOP_ANALYSIS = YES;
				CLANG_WARN_STRICT_PROTOTYPES = YES;
				CLANG_WARN_SUSPICIOUS_MOVE = YES;
				CLANG_WARN_UNGUARDED_AVAILABILITY = YES_AGGRESSIVE;
				CLANG_WARN_UNREACHABLE_CODE = YES;
				CLANG_WARN__DUPLICATE_METHOD_MATCH = YES;
				COPY_PHASE_STRIP = NO;
				DEBUG_INFORMATION_FORMAT = "dwarf-with-dsym";
				ENABLE_NS_ASSERTIONS = NO;
				ENABLE_STRICT_OBJC_MSGSEND = YES;
				GCC_C_LANGUAGE_STANDARD = gnu11;
				GCC_NO_COMMON_BLOCKS = YES;
				GCC_WARN_64_TO_32_BIT_CONVERSION = YES;
				GCC_WARN_ABOUT_RETURN_TYPE = YES_ERROR;
				GCC_WARN_UNDECLARED_SELECTOR = YES;
				GCC_WARN_UNINITIALIZED_AUTOS = YES_AGGRESSIVE;
				GCC_WARN_UNUSED_FUNCTION = YES;
				GCC_WARN_UNUSED_VARIABLE = YES;
				IPHONEOS_DEPLOYMENT_TARGET = 15.0;
				MTL_ENABLE_DEBUG_INFO = NO;
				MTL_FAST_MATH = YES;
				SDKROOT = iphoneos;
				SWIFT_COMPILATION_MODE = wholemodule;
				SWIFT_OPTIMIZATION_LEVEL = "-O";
				VALIDATE_PRODUCT = YES;
			};
			name = Release;
		};
		52FA0C9B26D9364C00285CE7 /* Debug */ = {
			isa = XCBuildConfiguration;
			buildSettings = {
				ASSETCATALOG_COMPILER_APPICON_NAME = AppIcon;
				ASSETCATALOG_COMPILER_GLOBAL_ACCENT_COLOR_NAME = AccentColor;
				CODE_SIGN_STYLE = Automatic;
				CURRENT_PROJECT_VERSION = 1;
				DEVELOPMENT_ASSET_PATHS = "\"GitHubUsers/Preview Content\"";
				ENABLE_PREVIEWS = YES;
				GENERATE_INFOPLIST_FILE = YES;
				INFOPLIST_KEY_UIApplicationSceneManifest_Generation = YES;
				INFOPLIST_KEY_UIApplicationSupportsIndirectInputEvents = YES;
				INFOPLIST_KEY_UILaunchScreen_Generation = YES;
				INFOPLIST_KEY_UISupportedInterfaceOrientations_iPad = "UIInterfaceOrientationPortrait UIInterfaceOrientationPortraitUpsideDown UIInterfaceOrientationLandscapeLeft UIInterfaceOrientationLandscapeRight";
				INFOPLIST_KEY_UISupportedInterfaceOrientations_iPhone = "UIInterfaceOrientationPortrait UIInterfaceOrientationLandscapeLeft UIInterfaceOrientationLandscapeRight";
				IPHONEOS_DEPLOYMENT_TARGET = 15.0;
				LD_RUNPATH_SEARCH_PATHS = (
					"$(inherited)",
					"@executable_path/Frameworks",
				);
				MARKETING_VERSION = 1.0;
				PRODUCT_BUNDLE_IDENTIFIER = MansurAhmed.GitHubUsers;
				PRODUCT_NAME = "$(TARGET_NAME)";
				SWIFT_EMIT_LOC_STRINGS = YES;
				SWIFT_VERSION = 5.0;
				TARGETED_DEVICE_FAMILY = "1,2";
			};
			name = Debug;
		};
		52FA0C9C26D9364C00285CE7 /* Release */ = {
			isa = XCBuildConfiguration;
			buildSettings = {
				ASSETCATALOG_COMPILER_APPICON_NAME = AppIcon;
				ASSETCATALOG_COMPILER_GLOBAL_ACCENT_COLOR_NAME = AccentColor;
				CODE_SIGN_STYLE = Automatic;
				CURRENT_PROJECT_VERSION = 1;
				DEVELOPMENT_ASSET_PATHS = "\"GitHubUsers/Preview Content\"";
				ENABLE_PREVIEWS = YES;
				GENERATE_INFOPLIST_FILE = YES;
				INFOPLIST_KEY_UIApplicationSceneManifest_Generation = YES;
				INFOPLIST_KEY_UIApplicationSupportsIndirectInputEvents = YES;
				INFOPLIST_KEY_UILaunchScreen_Generation = YES;
				INFOPLIST_KEY_UISupportedInterfaceOrientations_iPad = "UIInterfaceOrientationPortrait UIInterfaceOrientationPortraitUpsideDown UIInterfaceOrientationLandscapeLeft UIInterfaceOrientationLandscapeRight";
				INFOPLIST_KEY_UISupportedInterfaceOrientations_iPhone = "UIInterfaceOrientationPortrait UIInterfaceOrientationLandscapeLeft UIInterfaceOrientationLandscapeRight";
				IPHONEOS_DEPLOYMENT_TARGET = 15.0;
				LD_RUNPATH_SEARCH_PATHS = (
					"$(inherited)",
					"@executable_path/Frameworks",
				);
				MARKETING_VERSION = 1.0;
				PRODUCT_BUNDLE_IDENTIFIER = MansurAhmed.GitHubUsers;
				PRODUCT_NAME = "$(TARGET_NAME)";
				SWIFT_EMIT_LOC_STRINGS = YES;
				SWIFT_VERSION = 5.0;
				TARGETED_DEVICE_FAMILY = "1,2";
			};
			name = Release;
		};
/* End XCBuildConfiguration section */

/* Begin XCConfigurationList section */
		52DF4DE226DD74B800E93E14 /* Build configuration list for PBXNativeTarget "GitHubUsersTests" */ = {
			isa = XCConfigurationList;
			buildConfigurations = (
				52DF4DE326DD74B800E93E14 /* Debug */,
				52DF4DE426DD74B800E93E14 /* Release */,
			);
			defaultConfigurationIsVisible = 0;
			defaultConfigurationName = Release;
		};
		52DF4DF126DD74C500E93E14 /* Build configuration list for PBXNativeTarget "GitHubUsersUITests" */ = {
			isa = XCConfigurationList;
			buildConfigurations = (
				52DF4DF226DD74C500E93E14 /* Debug */,
				52DF4DF326DD74C500E93E14 /* Release */,
			);
			defaultConfigurationIsVisible = 0;
			defaultConfigurationName = Release;
		};
		52FA0C8726D9364C00285CE7 /* Build configuration list for PBXProject "GitHubUsers" */ = {
			isa = XCConfigurationList;
			buildConfigurations = (
				52FA0C9826D9364C00285CE7 /* Debug */,
				52FA0C9926D9364C00285CE7 /* Release */,
			);
			defaultConfigurationIsVisible = 0;
			defaultConfigurationName = Release;
		};
		52FA0C9A26D9364C00285CE7 /* Build configuration list for PBXNativeTarget "GitHubUsers" */ = {
			isa = XCConfigurationList;
			buildConfigurations = (
				52FA0C9B26D9364C00285CE7 /* Debug */,
				52FA0C9C26D9364C00285CE7 /* Release */,
			);
			defaultConfigurationIsVisible = 0;
			defaultConfigurationName = Release;
		};
/* End XCConfigurationList section */
	};
	rootObject = 52FA0C8426D9364C00285CE7 /* Project object */;
}
